
Microsoft Visual Studio Solution File, Format Version 12.00
# Visual Studio Version 17
VisualStudioVersion = 17.8.34330.188
MinimumVisualStudioVersion = 10.0.40219.1
Project("{9A19103F-16F7-4668-BE54-9A1E7A4F7556}") = "AutoSelect", "src\AutoSelect\AutoSelect.csproj", "{D3451E59-DC4A-49A2-8C5D-8C050F07E836}"
EndProject
Project("{FAE04EC0-301F-11D3-BF4B-00C04F79EFBC}") = "AutoSelect.Tests", "src\AutoSelect.Tests\AutoSelect.Tests.csproj", "{11D514B3-5B23-4A62-B031-918B95667F87}"
EndProject
Global
	GlobalSection(SolutionConfigurationPlatforms) = preSolution
		Debug|Any CPU = Debug|Any CPU
		Release|Any CPU = Release|Any CPU
	EndGlobalSection
	GlobalSection(ProjectConfigurationPlatforms) = postSolution
		{D3451E59-DC4A-49A2-8C5D-8C050F07E836}.Debug|Any CPU.ActiveCfg = Debug|Any CPU
		{D3451E59-DC4A-49A2-8C5D-8C050F07E836}.Debug|Any CPU.Build.0 = Debug|Any CPU
		{D3451E59-DC4A-49A2-8C5D-8C050F07E836}.Release|Any CPU.ActiveCfg = Release|Any CPU
		{D3451E59-DC4A-49A2-8C5D-8C050F07E836}.Release|Any CPU.Build.0 = Release|Any CPU
		{11D514B3-5B23-4A62-B031-918B95667F87}.Debug|Any CPU.ActiveCfg = Debug|Any CPU
		{11D514B3-5B23-4A62-B031-918B95667F87}.Debug|Any CPU.Build.0 = Debug|Any CPU
		{11D514B3-5B23-4A62-B031-918B95667F87}.Release|Any CPU.ActiveCfg = Release|Any CPU
		{11D514B3-5B23-4A62-B031-918B95667F87}.Release|Any CPU.Build.0 = Release|Any CPU
	EndGlobalSection
	GlobalSection(SolutionProperties) = preSolution
		HideSolutionNode = FALSE
	EndGlobalSection
	GlobalSection(ExtensibilityGlobals) = postSolution
		SolutionGuid = {00721502-BC28-4E97-BD5F-7CEADFE6FE6C}
	EndGlobalSection
EndGlobal
